
Microsoft Visual Studio Solution File, Format Version 12.00
# Visual Studio Version 17
VisualStudioVersion = 17.4.33213.308
MinimumVisualStudioVersion = 10.0.40219.1
Project("{FAE04EC0-301F-11D3-BF4B-00C04F79EFBC}") = "BancoApp", "..\..\..\Documents\412366\BancoApp\BancoApp.csproj", "{F8EEACD3-E43D-4B38-8CFA-ECEE5858C709}"
EndProject
Global
	GlobalSection(SolutionConfigurationPlatforms) = preSolution
		Debug|Any CPU = Debug|Any CPU
		Release|Any CPU = Release|Any CPU
	EndGlobalSection
	GlobalSection(ProjectConfigurationPlatforms) = postSolution
		{F8EEACD3-E43D-4B38-8CFA-ECEE5858C709}.Debug|Any CPU.ActiveCfg = Debug|Any CPU
		{F8EEACD3-E43D-4B38-8CFA-ECEE5858C709}.Debug|Any CPU.Build.0 = Debug|Any CPU
		{F8EEACD3-E43D-4B38-8CFA-ECEE5858C709}.Release|Any CPU.ActiveCfg = Release|Any CPU
		{F8EEACD3-E43D-4B38-8CFA-ECEE5858C709}.Release|Any CPU.Build.0 = Release|Any CPU
	EndGlobalSection
	GlobalSection(SolutionProperties) = preSolution
		HideSolutionNode = FALSE
	EndGlobalSection
	GlobalSection(ExtensibilityGlobals) = postSolution
		SolutionGuid = {24591596-1AF8-40BC-B6DC-61621A2C0C63}
	EndGlobalSection
EndGlobal
