
Microsoft Visual Studio Solution File, Format Version 12.00
# Visual Studio Version 17
VisualStudioVersion = 17.11.35208.52
MinimumVisualStudioVersion = 10.0.40219.1
Project("{FAE04EC0-301F-11D3-BF4B-00C04F79EFBC}") = "FacturaciónApp", "..\..\..\source\repos\FacturaciónApp\FacturaciónApp\FacturaciónApp.csproj", "{A5DEC13F-0C56-4BF5-A6A1-0086B225944D}"
EndProject
Global
	GlobalSection(SolutionConfigurationPlatforms) = preSolution
		Debug|Any CPU = Debug|Any CPU
		Release|Any CPU = Release|Any CPU
	EndGlobalSection
	GlobalSection(ProjectConfigurationPlatforms) = postSolution
		{A5DEC13F-0C56-4BF5-A6A1-0086B225944D}.Debug|Any CPU.ActiveCfg = Debug|Any CPU
		{A5DEC13F-0C56-4BF5-A6A1-0086B225944D}.Debug|Any CPU.Build.0 = Debug|Any CPU
		{A5DEC13F-0C56-4BF5-A6A1-0086B225944D}.Release|Any CPU.ActiveCfg = Release|Any CPU
		{A5DEC13F-0C56-4BF5-A6A1-0086B225944D}.Release|Any CPU.Build.0 = Release|Any CPU
	EndGlobalSection
	GlobalSection(SolutionProperties) = preSolution
		HideSolutionNode = FALSE
	EndGlobalSection
	GlobalSection(ExtensibilityGlobals) = postSolution
		SolutionGuid = {44F4193D-C8D8-4C54-AEEE-AF4AB955FD4C}
	EndGlobalSection
EndGlobal
